{
  "version": 1,
  "dependencies": {
    ".NETFramework,Version=v4.8": {
      "Krafs.Rimworld.Ref": {
        "type": "Direct",
        "requested": "[1.6.*, )",
        "resolved": "1.6.4518",
        "contentHash": "8dxlt6QDz/mVzHixDsPyVfvg84r4aEsqdXqpy30APzUW1ssaDtDI3FF8K82SFzP45xb6Lk3FkOG356bu+G4s8g=="
      },
      "Lib.Harmony": {
        "type": "Direct",
        "requested": "[*, )",
        "resolved": "2.3.6",
        "contentHash": "HqXPz33Z+R8ZDCLS5pJZthg33AMdF1bQXUbz2V7Neb9E+sMQOf4S1wquhM4pLIZFX7BZcOQubclbVreiM1+qmw=="
      },
      "Microsoft.NETFramework.ReferenceAssemblies": {
        "type": "Direct",
        "requested": "[1.0.3, )",
        "resolved": "1.0.3",
        "contentHash": "vUc9Npcs14QsyOD01tnv/m8sQUnGTGOw1BCmKcv77LBJY7OxhJ+zJF7UD/sCL3lYNFuqmQEVlkfS4Quif6FyYg==",
        "dependencies": {
          "Microsoft.NETFramework.ReferenceAssemblies.net48": "1.0.3"
        }
      },
      "Microsoft.NETFramework.ReferenceAssemblies.net48": {
        "type": "Transitive",
        "resolved": "1.0.3",
        "contentHash": "zMk4D+9zyiEWByyQ7oPImPN/Jhpj166Ky0Nlla4eXlNL8hI/BtSJsgR8Inldd4NNpIAH3oh8yym0W2DrhXdSLQ=="
      }
    }
  }
}